// !$*UTF8*$!
{
	archiveVersion = 1;
	classes = {
	};
	objectVersion = 48;
	objects = {

/* Begin PBXBuildFile section */
		424BCE1D20225F1400996968 /* FileController.cpp in Sources */ = {isa = PBXBuildFile; fileRef = 424BCE1B20225F1400996968 /* FileController.cpp */; };
		424C11062024F78D009B6D63 /* CrimeData.cpp in Sources */ = {isa = PBXBuildFile; fileRef = 424C11042024F78D009B6D63 /* CrimeData.cpp */; };
		424C11092024F8D3009B6D63 /* Nodes.cpp in Sources */ = {isa = PBXBuildFile; fileRef = 424C11072024F8D3009B6D63 /* Nodes.cpp */; };
		424C1115202507AB009B6D63 /* Array.cpp in Sources */ = {isa = PBXBuildFile; fileRef = 424C1113202507AB009B6D63 /* Array.cpp */; };
		42DFD9CA202A33B000B1DE1D /* ArrayTester.cpp in Sources */ = {isa = PBXBuildFile; fileRef = 42DFD9C8202A33B000B1DE1D /* ArrayTester.cpp */; };
		42FE25832022449E002B933B /* Runner.cpp in Sources */ = {isa = PBXBuildFile; fileRef = 42FE25822022449E002B933B /* Runner.cpp */; };
		42FE258620224500002B933B /* Controller.cpp in Sources */ = {isa = PBXBuildFile; fileRef = 42FE258420224500002B933B /* Controller.cpp */; };
		42FE259820224B04002B933B /* Timer.cpp in Sources */ = {isa = PBXBuildFile; fileRef = 42FE259620224B04002B933B /* Timer.cpp */; };
/* End PBXBuildFile section */

/* Begin PBXCopyFilesBuildPhase section */
		42FE256D2022434F002B933B /* CopyFiles */ = {
			isa = PBXCopyFilesBuildPhase;
			buildActionMask = 2147483647;
			dstPath = /usr/share/man/man1/;
			dstSubfolderSpec = 0;
			files = (
			);
			runOnlyForDeploymentPostprocessing = 1;
		};
/* End PBXCopyFilesBuildPhase section */

/* Begin PBXFileReference section */
		424BCE1B20225F1400996968 /* FileController.cpp */ = {isa = PBXFileReference; lastKnownFileType = sourcecode.cpp.cpp; path = FileController.cpp; sourceTree = "<group>"; };
		424BCE1C20225F1400996968 /* FileController.hpp */ = {isa = PBXFileReference; lastKnownFileType = sourcecode.cpp.h; path = FileController.hpp; sourceTree = "<group>"; };
		424C11032024F78D009B6D63 /* crime.csv */ = {isa = PBXFileReference; fileEncoding = 4; lastKnownFileType = text; path = crime.csv; sourceTree = "<group>"; };
		424C11042024F78D009B6D63 /* CrimeData.cpp */ = {isa = PBXFileReference; fileEncoding = 4; lastKnownFileType = sourcecode.cpp.cpp; path = CrimeData.cpp; sourceTree = "<group>"; };
		424C11052024F78D009B6D63 /* CrimeData.hpp */ = {isa = PBXFileReference; fileEncoding = 4; lastKnownFileType = sourcecode.cpp.h; path = CrimeData.hpp; sourceTree = "<group>"; };
		424C11072024F8D3009B6D63 /* Nodes.cpp */ = {isa = PBXFileReference; lastKnownFileType = sourcecode.cpp.cpp; path = Nodes.cpp; sourceTree = "<group>"; };
		424C11082024F8D3009B6D63 /* Nodes.hpp */ = {isa = PBXFileReference; lastKnownFileType = sourcecode.cpp.h; path = Nodes.hpp; sourceTree = "<group>"; };
		424C1113202507AB009B6D63 /* Array.cpp */ = {isa = PBXFileReference; lastKnownFileType = sourcecode.cpp.cpp; path = Array.cpp; sourceTree = "<group>"; };
		424C1114202507AB009B6D63 /* Array.hpp */ = {isa = PBXFileReference; lastKnownFileType = sourcecode.cpp.h; path = Array.hpp; sourceTree = "<group>"; };
		42DFD9C8202A33B000B1DE1D /* ArrayTester.cpp */ = {isa = PBXFileReference; lastKnownFileType = sourcecode.cpp.cpp; path = ArrayTester.cpp; sourceTree = "<group>"; };
		42DFD9C9202A33B000B1DE1D /* ArrayTester.hpp */ = {isa = PBXFileReference; lastKnownFileType = sourcecode.cpp.h; path = ArrayTester.hpp; sourceTree = "<group>"; };
		42FE256F2022434F002B933B /* Data Structures */ = {isa = PBXFileReference; explicitFileType = "compiled.mach-o.executable"; includeInIndex = 0; path = "Data Structures"; sourceTree = BUILT_PRODUCTS_DIR; };
		42FE25822022449E002B933B /* Runner.cpp */ = {isa = PBXFileReference; lastKnownFileType = sourcecode.cpp.cpp; path = Runner.cpp; sourceTree = "<group>"; };
		42FE258420224500002B933B /* Controller.cpp */ = {isa = PBXFileReference; lastKnownFileType = sourcecode.cpp.cpp; name = Controller.cpp; path = ../Controller.cpp; sourceTree = "<group>"; };
		42FE258520224500002B933B /* Controller.hpp */ = {isa = PBXFileReference; lastKnownFileType = sourcecode.cpp.h; path = Controller.hpp; sourceTree = "<group>"; };
		42FE259620224B04002B933B /* Timer.cpp */ = {isa = PBXFileReference; lastKnownFileType = sourcecode.cpp.cpp; path = Timer.cpp; sourceTree = "<group>"; };
		42FE259720224B04002B933B /* Timer.hpp */ = {isa = PBXFileReference; lastKnownFileType = sourcecode.cpp.h; path = Timer.hpp; sourceTree = "<group>"; };
/* End PBXFileReference section */

/* Begin PBXFrameworksBuildPhase section */
		42FE256C2022434F002B933B /* Frameworks */ = {
			isa = PBXFrameworksBuildPhase;
			buildActionMask = 2147483647;
			files = (
			);
			runOnlyForDeploymentPostprocessing = 0;
		};
/* End PBXFrameworksBuildPhase section */

/* Begin PBXGroup section */
		424C110E20250700009B6D63 /* Linear */ = {
			isa = PBXGroup;
			children = (
				424C1113202507AB009B6D63 /* Array.cpp */,
				424C1114202507AB009B6D63 /* Array.hpp */,
			);
			path = Linear;
			sourceTree = "<group>";
		};
		424C110F20250714009B6D63 /* NonLinear */ = {
			isa = PBXGroup;
			children = (
			);
			path = NonLinear;
			sourceTree = "<group>";
		};
		424C11102025072B009B6D63 /* Structures */ = {
			isa = PBXGroup;
			children = (
				424C110F20250714009B6D63 /* NonLinear */,
				424C110E20250700009B6D63 /* Linear */,
			);
			path = Structures;
			sourceTree = "<group>";
		};
		42DFD9C7202A338600B1DE1D /* Testers */ = {
			isa = PBXGroup;
			children = (
				42DFD9C8202A33B000B1DE1D /* ArrayTester.cpp */,
				42DFD9C9202A33B000B1DE1D /* ArrayTester.hpp */,
			);
			path = Testers;
			sourceTree = "<group>";
		};
		42FE25662022434F002B933B = {
			isa = PBXGroup;
			children = (
				42FE25712022434F002B933B /* DataStructures */,
				42FE25702022434F002B933B /* Products */,
			);
			sourceTree = "<group>";
		};
		42FE25702022434F002B933B /* Products */ = {
			isa = PBXGroup;
			children = (
				42FE256F2022434F002B933B /* Data Structures */,
			);
			name = Products;
			sourceTree = "<group>";
		};
		42FE25712022434F002B933B /* DataStructures */ = {
			isa = PBXGroup;
			children = (
				42DFD9C7202A338600B1DE1D /* Testers */,
				42FE25822022449E002B933B /* Runner.cpp */,
				42FE257F20224468002B933B /* Diagrams */,
				42FE258020224475002B933B /* Data */,
				42FE257E2022445D002B933B /* Controller */,
				42FE25812022447D002B933B /* model */,
			);
			path = DataStructures;
			sourceTree = "<group>";
		};
		42FE257E2022445D002B933B /* Controller */ = {
			isa = PBXGroup;
			children = (
				42FE2589202247E8002B933B /* Tools */,
				424BCE1B20225F1400996968 /* FileController.cpp */,
				424BCE1C20225F1400996968 /* FileController.hpp */,
				42FE258420224500002B933B /* Controller.cpp */,
				42FE258520224500002B933B /* Controller.hpp */,
			);
			path = Controller;
			sourceTree = "<group>";
		};
		42FE257F20224468002B933B /* Diagrams */ = {
			isa = PBXGroup;
			children = (
			);
			path = Diagrams;
			sourceTree = "<group>";
		};
		42FE258020224475002B933B /* Data */ = {
			isa = PBXGroup;
			children = (
				424C11032024F78D009B6D63 /* crime.csv */,
				424C11042024F78D009B6D63 /* CrimeData.cpp */,
				424C11052024F78D009B6D63 /* CrimeData.hpp */,
			);
			path = Data;
			sourceTree = "<group>";
		};
		42FE25812022447D002B933B /* model */ = {
			isa = PBXGroup;
			children = (
				424C11102025072B009B6D63 /* Structures */,
				424C11072024F8D3009B6D63 /* Nodes.cpp */,
				424C11082024F8D3009B6D63 /* Nodes.hpp */,
			);
			path = model;
			sourceTree = "<group>";
		};
		42FE2589202247E8002B933B /* Tools */ = {
			isa = PBXGroup;
			children = (
				42FE259620224B04002B933B /* Timer.cpp */,
				42FE259720224B04002B933B /* Timer.hpp */,
			);
			path = Tools;
			sourceTree = "<group>";
		};
/* End PBXGroup section */

/* Begin PBXNativeTarget section */
		42FE256E2022434F002B933B /* Data Structures */ = {
			isa = PBXNativeTarget;
			buildConfigurationList = 42FE25762022434F002B933B /* Build configuration list for PBXNativeTarget "Data Structures" */;
			buildPhases = (
				42FE256B2022434F002B933B /* Sources */,
				42FE256C2022434F002B933B /* Frameworks */,
				42FE256D2022434F002B933B /* CopyFiles */,
			);
			buildRules = (
			);
			dependencies = (
			);
			name = "Data Structures";
			productName = "Data Structors";
			productReference = 42FE256F2022434F002B933B /* Data Structures */;
			productType = "com.apple.product-type.tool";
		};
/* End PBXNativeTarget section */

/* Begin PBXProject section */
		42FE25672022434F002B933B /* Project object */ = {
			isa = PBXProject;
			attributes = {
				LastUpgradeCheck = 0900;
				ORGANIZATIONNAME = "Cortez, Jairo";
				TargetAttributes = {
					42FE256E2022434F002B933B = {
						CreatedOnToolsVersion = 9.0;
						ProvisioningStyle = Automatic;
					};
				};
			};
			buildConfigurationList = 42FE256A2022434F002B933B /* Build configuration list for PBXProject "Data Structures" */;
			compatibilityVersion = "Xcode 8.0";
			developmentRegion = en;
			hasScannedForEncodings = 0;
			knownRegions = (
				en,
			);
			mainGroup = 42FE25662022434F002B933B;
			productRefGroup = 42FE25702022434F002B933B /* Products */;
			projectDirPath = "";
			projectRoot = "";
			targets = (
				42FE256E2022434F002B933B /* Data Structures */,
			);
		};
/* End PBXProject section */

/* Begin PBXSourcesBuildPhase section */
		42FE256B2022434F002B933B /* Sources */ = {
			isa = PBXSourcesBuildPhase;
			buildActionMask = 2147483647;
			files = (
				42FE258620224500002B933B /* Controller.cpp in Sources */,
				424C11092024F8D3009B6D63 /* Nodes.cpp in Sources */,
				424C11062024F78D009B6D63 /* CrimeData.cpp in Sources */,
				42FE259820224B04002B933B /* Timer.cpp in Sources */,
				42FE25832022449E002B933B /* Runner.cpp in Sources */,
				424BCE1D20225F1400996968 /* FileController.cpp in Sources */,
				42DFD9CA202A33B000B1DE1D /* ArrayTester.cpp in Sources */,
				424C1115202507AB009B6D63 /* Array.cpp in Sources */,
			);
			runOnlyForDeploymentPostprocessing = 0;
		};
/* End PBXSourcesBuildPhase section */

/* Begin XCBuildConfiguration section */
		42FE25742022434F002B933B /* Debug */ = {
			isa = XCBuildConfiguration;
			buildSettings = {
				ALWAYS_SEARCH_USER_PATHS = NO;
				CLANG_ANALYZER_NONNULL = YES;
				CLANG_ANALYZER_NUMBER_OBJECT_CONVERSION = YES_AGGRESSIVE;
				CLANG_CXX_LANGUAGE_STANDARD = "gnu++14";
				CLANG_CXX_LIBRARY = "libc++";
				CLANG_ENABLE_MODULES = YES;
				CLANG_ENABLE_OBJC_ARC = YES;
				CLANG_WARN_BLOCK_CAPTURE_AUTORELEASING = YES;
				CLANG_WARN_BOOL_CONVERSION = YES;
				CLANG_WARN_COMMA = YES;
				CLANG_WARN_CONSTANT_CONVERSION = YES;
				CLANG_WARN_DIRECT_OBJC_ISA_USAGE = YES_ERROR;
				CLANG_WARN_DOCUMENTATION_COMMENTS = YES;
				CLANG_WARN_EMPTY_BODY = YES;
				CLANG_WARN_ENUM_CONVERSION = YES;
				CLANG_WARN_INFINITE_RECURSION = YES;
				CLANG_WARN_INT_CONVERSION = YES;
				CLANG_WARN_NON_LITERAL_NULL_CONVERSION = YES;
				CLANG_WARN_OBJC_LITERAL_CONVERSION = YES;
				CLANG_WARN_OBJC_ROOT_CLASS = YES_ERROR;
				CLANG_WARN_RANGE_LOOP_ANALYSIS = YES;
				CLANG_WARN_STRICT_PROTOTYPES = YES;
				CLANG_WARN_SUSPICIOUS_MOVE = YES;
				CLANG_WARN_UNGUARDED_AVAILABILITY = YES_AGGRESSIVE;
				CLANG_WARN_UNREACHABLE_CODE = YES;
				CLANG_WARN__DUPLICATE_METHOD_MATCH = YES;
				CODE_SIGN_IDENTITY = "-";
				COPY_PHASE_STRIP = NO;
				DEBUG_INFORMATION_FORMAT = dwarf;
				ENABLE_STRICT_OBJC_MSGSEND = YES;
				ENABLE_TESTABILITY = YES;
				GCC_C_LANGUAGE_STANDARD = gnu11;
				GCC_DYNAMIC_NO_PIC = NO;
				GCC_NO_COMMON_BLOCKS = YES;
				GCC_OPTIMIZATION_LEVEL = 0;
				GCC_PREPROCESSOR_DEFINITIONS = (
					"DEBUG=1",
					"$(inherited)",
				);
				GCC_WARN_64_TO_32_BIT_CONVERSION = YES;
				GCC_WARN_ABOUT_RETURN_TYPE = YES_ERROR;
				GCC_WARN_UNDECLARED_SELECTOR = YES;
				GCC_WARN_UNINITIALIZED_AUTOS = YES_AGGRESSIVE;
				GCC_WARN_UNUSED_FUNCTION = YES;
				GCC_WARN_UNUSED_VARIABLE = YES;
				MACOSX_DEPLOYMENT_TARGET = 10.12;
				MTL_ENABLE_DEBUG_INFO = YES;
				ONLY_ACTIVE_ARCH = YES;
				SDKROOT = macosx;
			};
			name = Debug;
		};
		42FE25752022434F002B933B /* Release */ = {
			isa = XCBuildConfiguration;
			buildSettings = {
				ALWAYS_SEARCH_USER_PATHS = NO;
				CLANG_ANALYZER_NONNULL = YES;
				CLANG_ANALYZER_NUMBER_OBJECT_CONVERSION = YES_AGGRESSIVE;
				CLANG_CXX_LANGUAGE_STANDARD = "gnu++14";
				CLANG_CXX_LIBRARY = "libc++";
				CLANG_ENABLE_MODULES = YES;
				CLANG_ENABLE_OBJC_ARC = YES;
				CLANG_WARN_BLOCK_CAPTURE_AUTORELEASING = YES;
				CLANG_WARN_BOOL_CONVERSION = YES;
				CLANG_WARN_COMMA = YES;
				CLANG_WARN_CONSTANT_CONVERSION = YES;
				CLANG_WARN_DIRECT_OBJC_ISA_USAGE = YES_ERROR;
				CLANG_WARN_DOCUMENTATION_COMMENTS = YES;
				CLANG_WARN_EMPTY_BODY = YES;
				CLANG_WARN_ENUM_CONVERSION = YES;
				CLANG_WARN_INFINITE_RECURSION = YES;
				CLANG_WARN_INT_CONVERSION = YES;
				CLANG_WARN_NON_LITERAL_NULL_CONVERSION = YES;
				CLANG_WARN_OBJC_LITERAL_CONVERSION = YES;
				CLANG_WARN_OBJC_ROOT_CLASS = YES_ERROR;
				CLANG_WARN_RANGE_LOOP_ANALYSIS = YES;
				CLANG_WARN_STRICT_PROTOTYPES = YES;
				CLANG_WARN_SUSPICIOUS_MOVE = YES;
				CLANG_WARN_UNGUARDED_AVAILABILITY = YES_AGGRESSIVE;
				CLANG_WARN_UNREACHABLE_CODE = YES;
				CLANG_WARN__DUPLICATE_METHOD_MATCH = YES;
				CODE_SIGN_IDENTITY = "-";
				COPY_PHASE_STRIP = NO;
				DEBUG_INFORMATION_FORMAT = "dwarf-with-dsym";
				ENABLE_NS_ASSERTIONS = NO;
				ENABLE_STRICT_OBJC_MSGSEND = YES;
				GCC_C_LANGUAGE_STANDARD = gnu11;
				GCC_NO_COMMON_BLOCKS = YES;
				GCC_WARN_64_TO_32_BIT_CONVERSION = YES;
				GCC_WARN_ABOUT_RETURN_TYPE = YES_ERROR;
				GCC_WARN_UNDECLARED_SELECTOR = YES;
				GCC_WARN_UNINITIALIZED_AUTOS = YES_AGGRESSIVE;
				GCC_WARN_UNUSED_FUNCTION = YES;
				GCC_WARN_UNUSED_VARIABLE = YES;
				MACOSX_DEPLOYMENT_TARGET = 10.12;
				MTL_ENABLE_DEBUG_INFO = NO;
				SDKROOT = macosx;
			};
			name = Release;
		};
		42FE25772022434F002B933B /* Debug */ = {
			isa = XCBuildConfiguration;
			buildSettings = {
				CODE_SIGN_STYLE = Automatic;
				PRODUCT_NAME = "$(TARGET_NAME)";
			};
			name = Debug;
		};
		42FE25782022434F002B933B /* Release */ = {
			isa = XCBuildConfiguration;
			buildSettings = {
				CODE_SIGN_STYLE = Automatic;
				PRODUCT_NAME = "$(TARGET_NAME)";
			};
			name = Release;
		};
/* End XCBuildConfiguration section */

/* Begin XCConfigurationList section */
		42FE256A2022434F002B933B /* Build configuration list for PBXProject "Data Structures" */ = {
			isa = XCConfigurationList;
			buildConfigurations = (
				42FE25742022434F002B933B /* Debug */,
				42FE25752022434F002B933B /* Release */,
			);
			defaultConfigurationIsVisible = 0;
			defaultConfigurationName = Release;
		};
		42FE25762022434F002B933B /* Build configuration list for PBXNativeTarget "Data Structures" */ = {
			isa = XCConfigurationList;
			buildConfigurations = (
				42FE25772022434F002B933B /* Debug */,
				42FE25782022434F002B933B /* Release */,
			);
			defaultConfigurationIsVisible = 0;
			defaultConfigurationName = Release;
		};
/* End XCConfigurationList section */
	};
	rootObject = 42FE25672022434F002B933B /* Project object */;
}
